
Microsoft Visual Studio Solution File, Format Version 12.00
# Visual Studio Version 16
VisualStudioVersion = 16.0.31129.286
MinimumVisualStudioVersion = 10.0.40219.1
Project("{FAE04EC0-301F-11D3-BF4B-00C04F79EFBC}") = "Calculator", "Calculator\Calculator.csproj", "{0F75DCE6-C7A6-4450-B1F7-3776E2A7C6AB}"
EndProject
Project("{FAE04EC0-301F-11D3-BF4B-00C04F79EFBC}") = "Tables", "Tables\Tables.csproj", "{8F0045B3-9776-4B56-A657-9F2CCE33507D}"
EndProject
Global
	GlobalSection(SolutionConfigurationPlatforms) = preSolution
		Debug|Any CPU = Debug|Any CPU
		Release|Any CPU = Release|Any CPU
	EndGlobalSection
	GlobalSection(ProjectConfigurationPlatforms) = postSolution
		{0F75DCE6-C7A6-4450-B1F7-3776E2A7C6AB}.Debug|Any CPU.ActiveCfg = Debug|Any CPU
		{0F75DCE6-C7A6-4450-B1F7-3776E2A7C6AB}.Debug|Any CPU.Build.0 = Debug|Any CPU
		{0F75DCE6-C7A6-4450-B1F7-3776E2A7C6AB}.Release|Any CPU.ActiveCfg = Release|Any CPU
		{0F75DCE6-C7A6-4450-B1F7-3776E2A7C6AB}.Release|Any CPU.Build.0 = Release|Any CPU
		{8F0045B3-9776-4B56-A657-9F2CCE33507D}.Debug|Any CPU.ActiveCfg = Debug|Any CPU
		{8F0045B3-9776-4B56-A657-9F2CCE33507D}.Debug|Any CPU.Build.0 = Debug|Any CPU
		{8F0045B3-9776-4B56-A657-9F2CCE33507D}.Release|Any CPU.ActiveCfg = Release|Any CPU
		{8F0045B3-9776-4B56-A657-9F2CCE33507D}.Release|Any CPU.Build.0 = Release|Any CPU
	EndGlobalSection
	GlobalSection(SolutionProperties) = preSolution
		HideSolutionNode = FALSE
	EndGlobalSection
	GlobalSection(ExtensibilityGlobals) = postSolution
		SolutionGuid = {75DA12B9-78E3-4F1C-8B47-2D710CFB0467}
	EndGlobalSection
EndGlobal
